
Microsoft Visual Studio Solution File, Format Version 12.00
# Visual Studio 15
VisualStudioVersion = 15.0.28010.2016
MinimumVisualStudioVersion = 10.0.40219.1
Project("{FAE04EC0-301F-11D3-BF4B-00C04F79EFBC}") = "StatusBarXamarinForms.Android", "StatusBarXamarinForms\StatusBarXamarinForms.Android\StatusBarXamarinForms.Android.csproj", "{95EECA8D-58FD-4339-B0CD-2E87CBBB56F9}"
EndProject
Project("{FAE04EC0-301F-11D3-BF4B-00C04F79EFBC}") = "StatusBarXamarinForms.iOS", "StatusBarXamarinForms\StatusBarXamarinForms.iOS\StatusBarXamarinForms.iOS.csproj", "{077FBF5F-697E-4D5F-AD48-60AA722255DE}"
EndProject
Project("{FAE04EC0-301F-11D3-BF4B-00C04F79EFBC}") = "StatusBarXamarinForms.UWP", "StatusBarXamarinForms\StatusBarXamarinForms.UWP\StatusBarXamarinForms.UWP.csproj", "{E5FF4D54-DF1E-458D-88C9-5FA60BA5992F}"
EndProject
Project("{FAE04EC0-301F-11D3-BF4B-00C04F79EFBC}") = "StatusBarXamarinForms", "StatusBarXamarinForms\StatusBarXamarinForms\StatusBarXamarinForms.csproj", "{D45D2E7F-AB7E-40EB-AD66-C6F2BBDE6AE0}"
EndProject
Global
	GlobalSection(SolutionConfigurationPlatforms) = preSolution
		Ad-Hoc|Any CPU = Ad-Hoc|Any CPU
		Ad-Hoc|ARM = Ad-Hoc|ARM
		Ad-Hoc|iPhone = Ad-Hoc|iPhone
		Ad-Hoc|iPhoneSimulator = Ad-Hoc|iPhoneSimulator
		Ad-Hoc|x64 = Ad-Hoc|x64
		Ad-Hoc|x86 = Ad-Hoc|x86
		AppStore|Any CPU = AppStore|Any CPU
		AppStore|ARM = AppStore|ARM
		AppStore|iPhone = AppStore|iPhone
		AppStore|iPhoneSimulator = AppStore|iPhoneSimulator
		AppStore|x64 = AppStore|x64
		AppStore|x86 = AppStore|x86
		Debug|Any CPU = Debug|Any CPU
		Debug|ARM = Debug|ARM
		Debug|iPhone = Debug|iPhone
		Debug|iPhoneSimulator = Debug|iPhoneSimulator
		Debug|x64 = Debug|x64
		Debug|x86 = Debug|x86
		Release|Any CPU = Release|Any CPU
		Release|ARM = Release|ARM
		Release|iPhone = Release|iPhone
		Release|iPhoneSimulator = Release|iPhoneSimulator
		Release|x64 = Release|x64
		Release|x86 = Release|x86
	EndGlobalSection
	GlobalSection(ProjectConfigurationPlatforms) = postSolution
		{95EECA8D-58FD-4339-B0CD-2E87CBBB56F9}.Ad-Hoc|Any CPU.ActiveCfg = Release|Any CPU
		{95EECA8D-58FD-4339-B0CD-2E87CBBB56F9}.Ad-Hoc|Any CPU.Build.0 = Release|Any CPU
		{95EECA8D-58FD-4339-B0CD-2E87CBBB56F9}.Ad-Hoc|Any CPU.Deploy.0 = Release|Any CPU
		{95EECA8D-58FD-4339-B0CD-2E87CBBB56F9}.Ad-Hoc|ARM.ActiveCfg = Release|Any CPU
		{95EECA8D-58FD-4339-B0CD-2E87CBBB56F9}.Ad-Hoc|ARM.Build.0 = Release|Any CPU
		{95EECA8D-58FD-4339-B0CD-2E87CBBB56F9}.Ad-Hoc|ARM.Deploy.0 = Release|Any CPU
		{95EECA8D-58FD-4339-B0CD-2E87CBBB56F9}.Ad-Hoc|iPhone.ActiveCfg = Release|Any CPU
		{95EECA8D-58FD-4339-B0CD-2E87CBBB56F9}.Ad-Hoc|iPhone.Build.0 = Release|Any CPU
		{95EECA8D-58FD-4339-B0CD-2E87CBBB56F9}.Ad-Hoc|iPhone.Deploy.0 = Release|Any CPU
		{95EECA8D-58FD-4339-B0CD-2E87CBBB56F9}.Ad-Hoc|iPhoneSimulator.ActiveCfg = Release|Any CPU
		{95EECA8D-58FD-4339-B0CD-2E87CBBB56F9}.Ad-Hoc|iPhoneSimulator.Build.0 = Release|Any CPU
		{95EECA8D-58FD-4339-B0CD-2E87CBBB56F9}.Ad-Hoc|iPhoneSimulator.Deploy.0 = Release|Any CPU
		{95EECA8D-58FD-4339-B0CD-2E87CBBB56F9}.Ad-Hoc|x64.ActiveCfg = Release|Any CPU
		{95EECA8D-58FD-4339-B0CD-2E87CBBB56F9}.Ad-Hoc|x64.Build.0 = Release|Any CPU
		{95EECA8D-58FD-4339-B0CD-2E87CBBB56F9}.Ad-Hoc|x64.Deploy.0 = Release|Any CPU
		{95EECA8D-58FD-4339-B0CD-2E87CBBB56F9}.Ad-Hoc|x86.ActiveCfg = Release|Any CPU
		{95EECA8D-58FD-4339-B0CD-2E87CBBB56F9}.Ad-Hoc|x86.Build.0 = Release|Any CPU
		{95EECA8D-58FD-4339-B0CD-2E87CBBB56F9}.Ad-Hoc|x86.Deploy.0 = Release|Any CPU
		{95EECA8D-58FD-4339-B0CD-2E87CBBB56F9}.AppStore|Any CPU.ActiveCfg = Release|Any CPU
		{95EECA8D-58FD-4339-B0CD-2E87CBBB56F9}.AppStore|Any CPU.Build.0 = Release|Any CPU
		{95EECA8D-58FD-4339-B0CD-2E87CBBB56F9}.AppStore|Any CPU.Deploy.0 = Release|Any CPU
		{95EECA8D-58FD-4339-B0CD-2E87CBBB56F9}.AppStore|ARM.ActiveCfg = Release|Any CPU
		{95EECA8D-58FD-4339-B0CD-2E87CBBB56F9}.AppStore|ARM.Build.0 = Release|Any CPU
		{95EECA8D-58FD-4339-B0CD-2E87CBBB56F9}.AppStore|ARM.Deploy.0 = Release|Any CPU
		{95EECA8D-58FD-4339-B0CD-2E87CBBB56F9}.AppStore|iPhone.ActiveCfg = Release|Any CPU
		{95EECA8D-58FD-4339-B0CD-2E87CBBB56F9}.AppStore|iPhone.Build.0 = Release|Any CPU
		{95EECA8D-58FD-4339-B0CD-2E87CBBB56F9}.AppStore|iPhone.Deploy.0 = Release|Any CPU
		{95EECA8D-58FD-4339-B0CD-2E87CBBB56F9}.AppStore|iPhoneSimulator.ActiveCfg = Release|Any CPU
		{95EECA8D-58FD-4339-B0CD-2E87CBBB56F9}.AppStore|iPhoneSimulator.Build.0 = Release|Any CPU
		{95EECA8D-58FD-4339-B0CD-2E87CBBB56F9}.AppStore|iPhoneSimulator.Deploy.0 = Release|Any CPU
		{95EECA8D-58FD-4339-B0CD-2E87CBBB56F9}.AppStore|x64.ActiveCfg = Release|Any CPU
		{95EECA8D-58FD-4339-B0CD-2E87CBBB56F9}.AppStore|x64.Build.0 = Release|Any CPU
		{95EECA8D-58FD-4339-B0CD-2E87CBBB56F9}.AppStore|x64.Deploy.0 = Release|Any CPU
		{95EECA8D-58FD-4339-B0CD-2E87CBBB56F9}.AppStore|x86.ActiveCfg = Release|Any CPU
		{95EECA8D-58FD-4339-B0CD-2E87CBBB56F9}.AppStore|x86.Build.0 = Release|Any CPU
		{95EECA8D-58FD-4339-B0CD-2E87CBBB56F9}.AppStore|x86.Deploy.0 = Release|Any CPU
		{95EECA8D-58FD-4339-B0CD-2E87CBBB56F9}.Debug|Any CPU.ActiveCfg = Debug|Any CPU
		{95EECA8D-58FD-4339-B0CD-2E87CBBB56F9}.Debug|Any CPU.Build.0 = Debug|Any CPU
		{95EECA8D-58FD-4339-B0CD-2E87CBBB56F9}.Debug|Any CPU.Deploy.0 = Debug|Any CPU
		{95EECA8D-58FD-4339-B0CD-2E87CBBB56F9}.Debug|ARM.ActiveCfg = Debug|Any CPU
		{95EECA8D-58FD-4339-B0CD-2E87CBBB56F9}.Debug|ARM.Build.0 = Debug|Any CPU
		{95EECA8D-58FD-4339-B0CD-2E87CBBB56F9}.Debug|ARM.Deploy.0 = Debug|Any CPU
		{95EECA8D-58FD-4339-B0CD-2E87CBBB56F9}.Debug|iPhone.ActiveCfg = Debug|Any CPU
		{95EECA8D-58FD-4339-B0CD-2E87CBBB56F9}.Debug|iPhone.Build.0 = Debug|Any CPU
		{95EECA8D-58FD-4339-B0CD-2E87CBBB56F9}.Debug|iPhone.Deploy.0 = Debug|Any CPU
		{95EECA8D-58FD-4339-B0CD-2E87CBBB56F9}.Debug|iPhoneSimulator.ActiveCfg = Debug|Any CPU
		{95EECA8D-58FD-4339-B0CD-2E87CBBB56F9}.Debug|iPhoneSimulator.Build.0 = Debug|Any CPU
		{95EECA8D-58FD-4339-B0CD-2E87CBBB56F9}.Debug|iPhoneSimulator.Deploy.0 = Debug|Any CPU
		{95EECA8D-58FD-4339-B0CD-2E87CBBB56F9}.Debug|x64.ActiveCfg = Debug|Any CPU
		{95EECA8D-58FD-4339-B0CD-2E87CBBB56F9}.Debug|x64.Build.0 = Debug|Any CPU
		{95EECA8D-58FD-4339-B0CD-2E87CBBB56F9}.Debug|x64.Deploy.0 = Debug|Any CPU
		{95EECA8D-58FD-4339-B0CD-2E87CBBB56F9}.Debug|x86.ActiveCfg = Debug|Any CPU
		{95EECA8D-58FD-4339-B0CD-2E87CBBB56F9}.Debug|x86.Build.0 = Debug|Any CPU
		{95EECA8D-58FD-4339-B0CD-2E87CBBB56F9}.Debug|x86.Deploy.0 = Debug|Any CPU
		{95EECA8D-58FD-4339-B0CD-2E87CBBB56F9}.Release|Any CPU.ActiveCfg = Release|Any CPU
		{95EECA8D-58FD-4339-B0CD-2E87CBBB56F9}.Release|Any CPU.Build.0 = Release|Any CPU
		{95EECA8D-58FD-4339-B0CD-2E87CBBB56F9}.Release|Any CPU.Deploy.0 = Release|Any CPU
		{95EECA8D-58FD-4339-B0CD-2E87CBBB56F9}.Release|ARM.ActiveCfg = Release|Any CPU
		{95EECA8D-58FD-4339-B0CD-2E87CBBB56F9}.Release|ARM.Build.0 = Release|Any CPU
		{95EECA8D-58FD-4339-B0CD-2E87CBBB56F9}.Release|ARM.Deploy.0 = Release|Any CPU
		{95EECA8D-58FD-4339-B0CD-2E87CBBB56F9}.Release|iPhone.ActiveCfg = Release|Any CPU
		{95EECA8D-58FD-4339-B0CD-2E87CBBB56F9}.Release|iPhone.Build.0 = Release|Any CPU
		{95EECA8D-58FD-4339-B0CD-2E87CBBB56F9}.Release|iPhone.Deploy.0 = Release|Any CPU
		{95EECA8D-58FD-4339-B0CD-2E87CBBB56F9}.Release|iPhoneSimulator.ActiveCfg = Release|Any CPU
		{95EECA8D-58FD-4339-B0CD-2E87CBBB56F9}.Release|iPhoneSimulator.Build.0 = Release|Any CPU
		{95EECA8D-58FD-4339-B0CD-2E87CBBB56F9}.Release|iPhoneSimulator.Deploy.0 = Release|Any CPU
		{95EECA8D-58FD-4339-B0CD-2E87CBBB56F9}.Release|x64.ActiveCfg = Release|Any CPU
		{95EECA8D-58FD-4339-B0CD-2E87CBBB56F9}.Release|x64.Build.0 = Release|Any CPU
		{95EECA8D-58FD-4339-B0CD-2E87CBBB56F9}.Release|x64.Deploy.0 = Release|Any CPU
		{95EECA8D-58FD-4339-B0CD-2E87CBBB56F9}.Release|x86.ActiveCfg = Release|Any CPU
		{95EECA8D-58FD-4339-B0CD-2E87CBBB56F9}.Release|x86.Build.0 = Release|Any CPU
		{95EECA8D-58FD-4339-B0CD-2E87CBBB56F9}.Release|x86.Deploy.0 = Release|Any CPU
		{077FBF5F-697E-4D5F-AD48-60AA722255DE}.Ad-Hoc|Any CPU.ActiveCfg = Ad-Hoc|iPhone
		{077FBF5F-697E-4D5F-AD48-60AA722255DE}.Ad-Hoc|Any CPU.Build.0 = Ad-Hoc|iPhone
		{077FBF5F-697E-4D5F-AD48-60AA722255DE}.Ad-Hoc|Any CPU.Deploy.0 = Ad-Hoc|iPhone
		{077FBF5F-697E-4D5F-AD48-60AA722255DE}.Ad-Hoc|ARM.ActiveCfg = Ad-Hoc|iPhone
		{077FBF5F-697E-4D5F-AD48-60AA722255DE}.Ad-Hoc|ARM.Build.0 = Ad-Hoc|iPhone
		{077FBF5F-697E-4D5F-AD48-60AA722255DE}.Ad-Hoc|ARM.Deploy.0 = Ad-Hoc|iPhone
		{077FBF5F-697E-4D5F-AD48-60AA722255DE}.Ad-Hoc|iPhone.ActiveCfg = Ad-Hoc|iPhone
		{077FBF5F-697E-4D5F-AD48-60AA722255DE}.Ad-Hoc|iPhone.Build.0 = Ad-Hoc|iPhone
		{077FBF5F-697E-4D5F-AD48-60AA722255DE}.Ad-Hoc|iPhone.Deploy.0 = Ad-Hoc|iPhone
		{077FBF5F-697E-4D5F-AD48-60AA722255DE}.Ad-Hoc|iPhoneSimulator.ActiveCfg = Ad-Hoc|iPhoneSimulator
		{077FBF5F-697E-4D5F-AD48-60AA722255DE}.Ad-Hoc|iPhoneSimulator.Build.0 = Ad-Hoc|iPhoneSimulator
		{077FBF5F-697E-4D5F-AD48-60AA722255DE}.Ad-Hoc|iPhoneSimulator.Deploy.0 = Ad-Hoc|iPhoneSimulator
		{077FBF5F-697E-4D5F-AD48-60AA722255DE}.Ad-Hoc|x64.ActiveCfg = Ad-Hoc|iPhone
		{077FBF5F-697E-4D5F-AD48-60AA722255DE}.Ad-Hoc|x64.Build.0 = Ad-Hoc|iPhone
		{077FBF5F-697E-4D5F-AD48-60AA722255DE}.Ad-Hoc|x64.Deploy.0 = Ad-Hoc|iPhone
		{077FBF5F-697E-4D5F-AD48-60AA722255DE}.Ad-Hoc|x86.ActiveCfg = Ad-Hoc|iPhone
		{077FBF5F-697E-4D5F-AD48-60AA722255DE}.Ad-Hoc|x86.Build.0 = Ad-Hoc|iPhone
		{077FBF5F-697E-4D5F-AD48-60AA722255DE}.Ad-Hoc|x86.Deploy.0 = Ad-Hoc|iPhone
		{077FBF5F-697E-4D5F-AD48-60AA722255DE}.AppStore|Any CPU.ActiveCfg = AppStore|iPhone
		{077FBF5F-697E-4D5F-AD48-60AA722255DE}.AppStore|Any CPU.Build.0 = AppStore|iPhone
		{077FBF5F-697E-4D5F-AD48-60AA722255DE}.AppStore|Any CPU.Deploy.0 = AppStore|iPhone
		{077FBF5F-697E-4D5F-AD48-60AA722255DE}.AppStore|ARM.ActiveCfg = AppStore|iPhone
		{077FBF5F-697E-4D5F-AD48-60AA722255DE}.AppStore|ARM.Build.0 = AppStore|iPhone
		{077FBF5F-697E-4D5F-AD48-60AA722255DE}.AppStore|ARM.Deploy.0 = AppStore|iPhone
		{077FBF5F-697E-4D5F-AD48-60AA722255DE}.AppStore|iPhone.ActiveCfg = AppStore|iPhone
		{077FBF5F-697E-4D5F-AD48-60AA722255DE}.AppStore|iPhone.Build.0 = AppStore|iPhone
		{077FBF5F-697E-4D5F-AD48-60AA722255DE}.AppStore|iPhone.Deploy.0 = AppStore|iPhone
		{077FBF5F-697E-4D5F-AD48-60AA722255DE}.AppStore|iPhoneSimulator.ActiveCfg = AppStore|iPhoneSimulator
		{077FBF5F-697E-4D5F-AD48-60AA722255DE}.AppStore|iPhoneSimulator.Build.0 = AppStore|iPhoneSimulator
		{077FBF5F-697E-4D5F-AD48-60AA722255DE}.AppStore|iPhoneSimulator.Deploy.0 = AppStore|iPhoneSimulator
		{077FBF5F-697E-4D5F-AD48-60AA722255DE}.AppStore|x64.ActiveCfg = AppStore|iPhone
		{077FBF5F-697E-4D5F-AD48-60AA722255DE}.AppStore|x64.Build.0 = AppStore|iPhone
		{077FBF5F-697E-4D5F-AD48-60AA722255DE}.AppStore|x64.Deploy.0 = AppStore|iPhone
		{077FBF5F-697E-4D5F-AD48-60AA722255DE}.AppStore|x86.ActiveCfg = AppStore|iPhone
		{077FBF5F-697E-4D5F-AD48-60AA722255DE}.AppStore|x86.Build.0 = AppStore|iPhone
		{077FBF5F-697E-4D5F-AD48-60AA722255DE}.AppStore|x86.Deploy.0 = AppStore|iPhone
		{077FBF5F-697E-4D5F-AD48-60AA722255DE}.Debug|Any CPU.ActiveCfg = Debug|iPhoneSimulator
		{077FBF5F-697E-4D5F-AD48-60AA722255DE}.Debug|Any CPU.Build.0 = Debug|iPhoneSimulator
		{077FBF5F-697E-4D5F-AD48-60AA722255DE}.Debug|Any CPU.Deploy.0 = Debug|iPhoneSimulator
		{077FBF5F-697E-4D5F-AD48-60AA722255DE}.Debug|ARM.ActiveCfg = Debug|iPhone
		{077FBF5F-697E-4D5F-AD48-60AA722255DE}.Debug|ARM.Build.0 = Debug|iPhone
		{077FBF5F-697E-4D5F-AD48-60AA722255DE}.Debug|ARM.Deploy.0 = Debug|iPhone
		{077FBF5F-697E-4D5F-AD48-60AA722255DE}.Debug|iPhone.ActiveCfg = Debug|iPhone
		{077FBF5F-697E-4D5F-AD48-60AA722255DE}.Debug|iPhone.Build.0 = Debug|iPhone
		{077FBF5F-697E-4D5F-AD48-60AA722255DE}.Debug|iPhone.Deploy.0 = Debug|iPhone
		{077FBF5F-697E-4D5F-AD48-60AA722255DE}.Debug|iPhoneSimulator.ActiveCfg = Debug|iPhoneSimulator
		{077FBF5F-697E-4D5F-AD48-60AA722255DE}.Debug|iPhoneSimulator.Build.0 = Debug|iPhoneSimulator
		{077FBF5F-697E-4D5F-AD48-60AA722255DE}.Debug|iPhoneSimulator.Deploy.0 = Debug|iPhoneSimulator
		{077FBF5F-697E-4D5F-AD48-60AA722255DE}.Debug|x64.ActiveCfg = Debug|iPhone
		{077FBF5F-697E-4D5F-AD48-60AA722255DE}.Debug|x64.Build.0 = Debug|iPhone
		{077FBF5F-697E-4D5F-AD48-60AA722255DE}.Debug|x64.Deploy.0 = Debug|iPhone
		{077FBF5F-697E-4D5F-AD48-60AA722255DE}.Debug|x86.ActiveCfg = Debug|iPhone
		{077FBF5F-697E-4D5F-AD48-60AA722255DE}.Debug|x86.Build.0 = Debug|iPhone
		{077FBF5F-697E-4D5F-AD48-60AA722255DE}.Debug|x86.Deploy.0 = Debug|iPhone
		{077FBF5F-697E-4D5F-AD48-60AA722255DE}.Release|Any CPU.ActiveCfg = Release|iPhone
		{077FBF5F-697E-4D5F-AD48-60AA722255DE}.Release|Any CPU.Build.0 = Release|iPhone
		{077FBF5F-697E-4D5F-AD48-60AA722255DE}.Release|Any CPU.Deploy.0 = Release|iPhone
		{077FBF5F-697E-4D5F-AD48-60AA722255DE}.Release|ARM.ActiveCfg = Release|iPhone
		{077FBF5F-697E-4D5F-AD48-60AA722255DE}.Release|ARM.Build.0 = Release|iPhone
		{077FBF5F-697E-4D5F-AD48-60AA722255DE}.Release|ARM.Deploy.0 = Release|iPhone
		{077FBF5F-697E-4D5F-AD48-60AA722255DE}.Release|iPhone.ActiveCfg = Release|iPhone
		{077FBF5F-697E-4D5F-AD48-60AA722255DE}.Release|iPhone.Build.0 = Release|iPhone
		{077FBF5F-697E-4D5F-AD48-60AA722255DE}.Release|iPhone.Deploy.0 = Release|iPhone
		{077FBF5F-697E-4D5F-AD48-60AA722255DE}.Release|iPhoneSimulator.ActiveCfg = Release|iPhoneSimulator
		{077FBF5F-697E-4D5F-AD48-60AA722255DE}.Release|iPhoneSimulator.Build.0 = Release|iPhoneSimulator
		{077FBF5F-697E-4D5F-AD48-60AA722255DE}.Release|iPhoneSimulator.Deploy.0 = Release|iPhoneSimulator
		{077FBF5F-697E-4D5F-AD48-60AA722255DE}.Release|x64.ActiveCfg = Release|iPhone
		{077FBF5F-697E-4D5F-AD48-60AA722255DE}.Release|x64.Build.0 = Release|iPhone
		{077FBF5F-697E-4D5F-AD48-60AA722255DE}.Release|x64.Deploy.0 = Release|iPhone
		{077FBF5F-697E-4D5F-AD48-60AA722255DE}.Release|x86.ActiveCfg = Release|iPhone
		{077FBF5F-697E-4D5F-AD48-60AA722255DE}.Release|x86.Build.0 = Release|iPhone
		{077FBF5F-697E-4D5F-AD48-60AA722255DE}.Release|x86.Deploy.0 = Release|iPhone
		{E5FF4D54-DF1E-458D-88C9-5FA60BA5992F}.Ad-Hoc|Any CPU.ActiveCfg = Release|x86
		{E5FF4D54-DF1E-458D-88C9-5FA60BA5992F}.Ad-Hoc|Any CPU.Build.0 = Release|x86
		{E5FF4D54-DF1E-458D-88C9-5FA60BA5992F}.Ad-Hoc|Any CPU.Deploy.0 = Release|x86
		{E5FF4D54-DF1E-458D-88C9-5FA60BA5992F}.Ad-Hoc|ARM.ActiveCfg = Release|ARM
		{E5FF4D54-DF1E-458D-88C9-5FA60BA5992F}.Ad-Hoc|ARM.Build.0 = Release|ARM
		{E5FF4D54-DF1E-458D-88C9-5FA60BA5992F}.Ad-Hoc|ARM.Deploy.0 = Release|ARM
		{E5FF4D54-DF1E-458D-88C9-5FA60BA5992F}.Ad-Hoc|iPhone.ActiveCfg = Release|x86
		{E5FF4D54-DF1E-458D-88C9-5FA60BA5992F}.Ad-Hoc|iPhone.Build.0 = Release|x86
		{E5FF4D54-DF1E-458D-88C9-5FA60BA5992F}.Ad-Hoc|iPhone.Deploy.0 = Release|x86
		{E5FF4D54-DF1E-458D-88C9-5FA60BA5992F}.Ad-Hoc|iPhoneSimulator.ActiveCfg = Release|x86
		{E5FF4D54-DF1E-458D-88C9-5FA60BA5992F}.Ad-Hoc|iPhoneSimulator.Build.0 = Release|x86
		{E5FF4D54-DF1E-458D-88C9-5FA60BA5992F}.Ad-Hoc|iPhoneSimulator.Deploy.0 = Release|x86
		{E5FF4D54-DF1E-458D-88C9-5FA60BA5992F}.Ad-Hoc|x64.ActiveCfg = Release|x64
		{E5FF4D54-DF1E-458D-88C9-5FA60BA5992F}.Ad-Hoc|x64.Build.0 = Release|x64
		{E5FF4D54-DF1E-458D-88C9-5FA60BA5992F}.Ad-Hoc|x64.Deploy.0 = Release|x64
		{E5FF4D54-DF1E-458D-88C9-5FA60BA5992F}.Ad-Hoc|x86.ActiveCfg = Release|x86
		{E5FF4D54-DF1E-458D-88C9-5FA60BA5992F}.Ad-Hoc|x86.Build.0 = Release|x86
		{E5FF4D54-DF1E-458D-88C9-5FA60BA5992F}.Ad-Hoc|x86.Deploy.0 = Release|x86
		{E5FF4D54-DF1E-458D-88C9-5FA60BA5992F}.AppStore|Any CPU.ActiveCfg = Release|x86
		{E5FF4D54-DF1E-458D-88C9-5FA60BA5992F}.AppStore|Any CPU.Build.0 = Release|x86
		{E5FF4D54-DF1E-458D-88C9-5FA60BA5992F}.AppStore|Any CPU.Deploy.0 = Release|x86
		{E5FF4D54-DF1E-458D-88C9-5FA60BA5992F}.AppStore|ARM.ActiveCfg = Release|ARM
		{E5FF4D54-DF1E-458D-88C9-5FA60BA5992F}.AppStore|ARM.Build.0 = Release|ARM
		{E5FF4D54-DF1E-458D-88C9-5FA60BA5992F}.AppStore|ARM.Deploy.0 = Release|ARM
		{E5FF4D54-DF1E-458D-88C9-5FA60BA5992F}.AppStore|iPhone.ActiveCfg = Release|x86
		{E5FF4D54-DF1E-458D-88C9-5FA60BA5992F}.AppStore|iPhone.Build.0 = Release|x86
		{E5FF4D54-DF1E-458D-88C9-5FA60BA5992F}.AppStore|iPhone.Deploy.0 = Release|x86
		{E5FF4D54-DF1E-458D-88C9-5FA60BA5992F}.AppStore|iPhoneSimulator.ActiveCfg = Release|x86
		{E5FF4D54-DF1E-458D-88C9-5FA60BA5992F}.AppStore|iPhoneSimulator.Build.0 = Release|x86
		{E5FF4D54-DF1E-458D-88C9-5FA60BA5992F}.AppStore|iPhoneSimulator.Deploy.0 = Release|x86
		{E5FF4D54-DF1E-458D-88C9-5FA60BA5992F}.AppStore|x64.ActiveCfg = Release|x64
		{E5FF4D54-DF1E-458D-88C9-5FA60BA5992F}.AppStore|x64.Build.0 = Release|x64
		{E5FF4D54-DF1E-458D-88C9-5FA60BA5992F}.AppStore|x64.Deploy.0 = Release|x64
		{E5FF4D54-DF1E-458D-88C9-5FA60BA5992F}.AppStore|x86.ActiveCfg = Release|x86
		{E5FF4D54-DF1E-458D-88C9-5FA60BA5992F}.AppStore|x86.Build.0 = Release|x86
		{E5FF4D54-DF1E-458D-88C9-5FA60BA5992F}.AppStore|x86.Deploy.0 = Release|x86
		{E5FF4D54-DF1E-458D-88C9-5FA60BA5992F}.Debug|Any CPU.ActiveCfg = Debug|x86
		{E5FF4D54-DF1E-458D-88C9-5FA60BA5992F}.Debug|Any CPU.Build.0 = Debug|x86
		{E5FF4D54-DF1E-458D-88C9-5FA60BA5992F}.Debug|Any CPU.Deploy.0 = Debug|x86
		{E5FF4D54-DF1E-458D-88C9-5FA60BA5992F}.Debug|ARM.ActiveCfg = Debug|ARM
		{E5FF4D54-DF1E-458D-88C9-5FA60BA5992F}.Debug|ARM.Build.0 = Debug|ARM
		{E5FF4D54-DF1E-458D-88C9-5FA60BA5992F}.Debug|ARM.Deploy.0 = Debug|ARM
		{E5FF4D54-DF1E-458D-88C9-5FA60BA5992F}.Debug|iPhone.ActiveCfg = Debug|x86
		{E5FF4D54-DF1E-458D-88C9-5FA60BA5992F}.Debug|iPhone.Build.0 = Debug|x86
		{E5FF4D54-DF1E-458D-88C9-5FA60BA5992F}.Debug|iPhone.Deploy.0 = Debug|x86
		{E5FF4D54-DF1E-458D-88C9-5FA60BA5992F}.Debug|iPhoneSimulator.ActiveCfg = Debug|x86
		{E5FF4D54-DF1E-458D-88C9-5FA60BA5992F}.Debug|iPhoneSimulator.Build.0 = Debug|x86
		{E5FF4D54-DF1E-458D-88C9-5FA60BA5992F}.Debug|iPhoneSimulator.Deploy.0 = Debug|x86
		{E5FF4D54-DF1E-458D-88C9-5FA60BA5992F}.Debug|x64.ActiveCfg = Debug|x64
		{E5FF4D54-DF1E-458D-88C9-5FA60BA5992F}.Debug|x64.Build.0 = Debug|x64
		{E5FF4D54-DF1E-458D-88C9-5FA60BA5992F}.Debug|x64.Deploy.0 = Debug|x64
		{E5FF4D54-DF1E-458D-88C9-5FA60BA5992F}.Debug|x86.ActiveCfg = Debug|x86
		{E5FF4D54-DF1E-458D-88C9-5FA60BA5992F}.Debug|x86.Build.0 = Debug|x86
		{E5FF4D54-DF1E-458D-88C9-5FA60BA5992F}.Debug|x86.Deploy.0 = Debug|x86
		{E5FF4D54-DF1E-458D-88C9-5FA60BA5992F}.Release|Any CPU.ActiveCfg = Release|x86
		{E5FF4D54-DF1E-458D-88C9-5FA60BA5992F}.Release|Any CPU.Build.0 = Release|x86
		{E5FF4D54-DF1E-458D-88C9-5FA60BA5992F}.Release|Any CPU.Deploy.0 = Release|x86
		{E5FF4D54-DF1E-458D-88C9-5FA60BA5992F}.Release|ARM.ActiveCfg = Release|ARM
		{E5FF4D54-DF1E-458D-88C9-5FA60BA5992F}.Release|ARM.Build.0 = Release|ARM
		{E5FF4D54-DF1E-458D-88C9-5FA60BA5992F}.Release|ARM.Deploy.0 = Release|ARM
		{E5FF4D54-DF1E-458D-88C9-5FA60BA5992F}.Release|iPhone.ActiveCfg = Release|x86
		{E5FF4D54-DF1E-458D-88C9-5FA60BA5992F}.Release|iPhone.Build.0 = Release|x86
		{E5FF4D54-DF1E-458D-88C9-5FA60BA5992F}.Release|iPhone.Deploy.0 = Release|x86
		{E5FF4D54-DF1E-458D-88C9-5FA60BA5992F}.Release|iPhoneSimulator.ActiveCfg = Release|x86
		{E5FF4D54-DF1E-458D-88C9-5FA60BA5992F}.Release|iPhoneSimulator.Build.0 = Release|x86
		{E5FF4D54-DF1E-458D-88C9-5FA60BA5992F}.Release|iPhoneSimulator.Deploy.0 = Release|x86
		{E5FF4D54-DF1E-458D-88C9-5FA60BA5992F}.Release|x64.ActiveCfg = Release|x64
		{E5FF4D54-DF1E-458D-88C9-5FA60BA5992F}.Release|x64.Build.0 = Release|x64
		{E5FF4D54-DF1E-458D-88C9-5FA60BA5992F}.Release|x64.Deploy.0 = Release|x64
		{E5FF4D54-DF1E-458D-88C9-5FA60BA5992F}.Release|x86.ActiveCfg = Release|x86
		{E5FF4D54-DF1E-458D-88C9-5FA60BA5992F}.Release|x86.Build.0 = Release|x86
		{E5FF4D54-DF1E-458D-88C9-5FA60BA5992F}.Release|x86.Deploy.0 = Release|x86
		{D45D2E7F-AB7E-40EB-AD66-C6F2BBDE6AE0}.Ad-Hoc|Any CPU.ActiveCfg = Debug|Any CPU
		{D45D2E7F-AB7E-40EB-AD66-C6F2BBDE6AE0}.Ad-Hoc|Any CPU.Build.0 = Debug|Any CPU
		{D45D2E7F-AB7E-40EB-AD66-C6F2BBDE6AE0}.Ad-Hoc|Any CPU.Deploy.0 = Debug|Any CPU
		{D45D2E7F-AB7E-40EB-AD66-C6F2BBDE6AE0}.Ad-Hoc|ARM.ActiveCfg = Debug|Any CPU
		{D45D2E7F-AB7E-40EB-AD66-C6F2BBDE6AE0}.Ad-Hoc|ARM.Build.0 = Debug|Any CPU
		{D45D2E7F-AB7E-40EB-AD66-C6F2BBDE6AE0}.Ad-Hoc|ARM.Deploy.0 = Debug|Any CPU
		{D45D2E7F-AB7E-40EB-AD66-C6F2BBDE6AE0}.Ad-Hoc|iPhone.ActiveCfg = Debug|Any CPU
		{D45D2E7F-AB7E-40EB-AD66-C6F2BBDE6AE0}.Ad-Hoc|iPhone.Build.0 = Debug|Any CPU
		{D45D2E7F-AB7E-40EB-AD66-C6F2BBDE6AE0}.Ad-Hoc|iPhone.Deploy.0 = Debug|Any CPU
		{D45D2E7F-AB7E-40EB-AD66-C6F2BBDE6AE0}.Ad-Hoc|iPhoneSimulator.ActiveCfg = Debug|Any CPU
		{D45D2E7F-AB7E-40EB-AD66-C6F2BBDE6AE0}.Ad-Hoc|iPhoneSimulator.Build.0 = Debug|Any CPU
		{D45D2E7F-AB7E-40EB-AD66-C6F2BBDE6AE0}.Ad-Hoc|iPhoneSimulator.Deploy.0 = Debug|Any CPU
		{D45D2E7F-AB7E-40EB-AD66-C6F2BBDE6AE0}.Ad-Hoc|x64.ActiveCfg = Debug|Any CPU
		{D45D2E7F-AB7E-40EB-AD66-C6F2BBDE6AE0}.Ad-Hoc|x64.Build.0 = Debug|Any CPU
		{D45D2E7F-AB7E-40EB-AD66-C6F2BBDE6AE0}.Ad-Hoc|x64.Deploy.0 = Debug|Any CPU
		{D45D2E7F-AB7E-40EB-AD66-C6F2BBDE6AE0}.Ad-Hoc|x86.ActiveCfg = Debug|Any CPU
		{D45D2E7F-AB7E-40EB-AD66-C6F2BBDE6AE0}.Ad-Hoc|x86.Build.0 = Debug|Any CPU
		{D45D2E7F-AB7E-40EB-AD66-C6F2BBDE6AE0}.Ad-Hoc|x86.Deploy.0 = Debug|Any CPU
		{D45D2E7F-AB7E-40EB-AD66-C6F2BBDE6AE0}.AppStore|Any CPU.ActiveCfg = Debug|Any CPU
		{D45D2E7F-AB7E-40EB-AD66-C6F2BBDE6AE0}.AppStore|Any CPU.Build.0 = Debug|Any CPU
		{D45D2E7F-AB7E-40EB-AD66-C6F2BBDE6AE0}.AppStore|Any CPU.Deploy.0 = Debug|Any CPU
		{D45D2E7F-AB7E-40EB-AD66-C6F2BBDE6AE0}.AppStore|ARM.ActiveCfg = Debug|Any CPU
		{D45D2E7F-AB7E-40EB-AD66-C6F2BBDE6AE0}.AppStore|ARM.Build.0 = Debug|Any CPU
		{D45D2E7F-AB7E-40EB-AD66-C6F2BBDE6AE0}.AppStore|ARM.Deploy.0 = Debug|Any CPU
		{D45D2E7F-AB7E-40EB-AD66-C6F2BBDE6AE0}.AppStore|iPhone.ActiveCfg = Debug|Any CPU
		{D45D2E7F-AB7E-40EB-AD66-C6F2BBDE6AE0}.AppStore|iPhone.Build.0 = Debug|Any CPU
		{D45D2E7F-AB7E-40EB-AD66-C6F2BBDE6AE0}.AppStore|iPhone.Deploy.0 = Debug|Any CPU
		{D45D2E7F-AB7E-40EB-AD66-C6F2BBDE6AE0}.AppStore|iPhoneSimulator.ActiveCfg = Debug|Any CPU
		{D45D2E7F-AB7E-40EB-AD66-C6F2BBDE6AE0}.AppStore|iPhoneSimulator.Build.0 = Debug|Any CPU
		{D45D2E7F-AB7E-40EB-AD66-C6F2BBDE6AE0}.AppStore|iPhoneSimulator.Deploy.0 = Debug|Any CPU
		{D45D2E7F-AB7E-40EB-AD66-C6F2BBDE6AE0}.AppStore|x64.ActiveCfg = Debug|Any CPU
		{D45D2E7F-AB7E-40EB-AD66-C6F2BBDE6AE0}.AppStore|x64.Build.0 = Debug|Any CPU
		{D45D2E7F-AB7E-40EB-AD66-C6F2BBDE6AE0}.AppStore|x64.Deploy.0 = Debug|Any CPU
		{D45D2E7F-AB7E-40EB-AD66-C6F2BBDE6AE0}.AppStore|x86.ActiveCfg = Debug|Any CPU
		{D45D2E7F-AB7E-40EB-AD66-C6F2BBDE6AE0}.AppStore|x86.Build.0 = Debug|Any CPU
		{D45D2E7F-AB7E-40EB-AD66-C6F2BBDE6AE0}.AppStore|x86.Deploy.0 = Debug|Any CPU
		{D45D2E7F-AB7E-40EB-AD66-C6F2BBDE6AE0}.Debug|Any CPU.ActiveCfg = Debug|Any CPU
		{D45D2E7F-AB7E-40EB-AD66-C6F2BBDE6AE0}.Debug|Any CPU.Build.0 = Debug|Any CPU
		{D45D2E7F-AB7E-40EB-AD66-C6F2BBDE6AE0}.Debug|Any CPU.Deploy.0 = Debug|Any CPU
		{D45D2E7F-AB7E-40EB-AD66-C6F2BBDE6AE0}.Debug|ARM.ActiveCfg = Debug|Any CPU
		{D45D2E7F-AB7E-40EB-AD66-C6F2BBDE6AE0}.Debug|ARM.Build.0 = Debug|Any CPU
		{D45D2E7F-AB7E-40EB-AD66-C6F2BBDE6AE0}.Debug|ARM.Deploy.0 = Debug|Any CPU
		{D45D2E7F-AB7E-40EB-AD66-C6F2BBDE6AE0}.Debug|iPhone.ActiveCfg = Debug|Any CPU
		{D45D2E7F-AB7E-40EB-AD66-C6F2BBDE6AE0}.Debug|iPhone.Build.0 = Debug|Any CPU
		{D45D2E7F-AB7E-40EB-AD66-C6F2BBDE6AE0}.Debug|iPhone.Deploy.0 = Debug|Any CPU
		{D45D2E7F-AB7E-40EB-AD66-C6F2BBDE6AE0}.Debug|iPhoneSimulator.ActiveCfg = Debug|Any CPU
		{D45D2E7F-AB7E-40EB-AD66-C6F2BBDE6AE0}.Debug|iPhoneSimulator.Build.0 = Debug|Any CPU
		{D45D2E7F-AB7E-40EB-AD66-C6F2BBDE6AE0}.Debug|iPhoneSimulator.Deploy.0 = Debug|Any CPU
		{D45D2E7F-AB7E-40EB-AD66-C6F2BBDE6AE0}.Debug|x64.ActiveCfg = Debug|Any CPU
		{D45D2E7F-AB7E-40EB-AD66-C6F2BBDE6AE0}.Debug|x64.Build.0 = Debug|Any CPU
		{D45D2E7F-AB7E-40EB-AD66-C6F2BBDE6AE0}.Debug|x64.Deploy.0 = Debug|Any CPU
		{D45D2E7F-AB7E-40EB-AD66-C6F2BBDE6AE0}.Debug|x86.ActiveCfg = Debug|Any CPU
		{D45D2E7F-AB7E-40EB-AD66-C6F2BBDE6AE0}.Debug|x86.Build.0 = Debug|Any CPU
		{D45D2E7F-AB7E-40EB-AD66-C6F2BBDE6AE0}.Debug|x86.Deploy.0 = Debug|Any CPU
		{D45D2E7F-AB7E-40EB-AD66-C6F2BBDE6AE0}.Release|Any CPU.ActiveCfg = Release|Any CPU
		{D45D2E7F-AB7E-40EB-AD66-C6F2BBDE6AE0}.Release|Any CPU.Build.0 = Release|Any CPU
		{D45D2E7F-AB7E-40EB-AD66-C6F2BBDE6AE0}.Release|Any CPU.Deploy.0 = Release|Any CPU
		{D45D2E7F-AB7E-40EB-AD66-C6F2BBDE6AE0}.Release|ARM.ActiveCfg = Release|Any CPU
		{D45D2E7F-AB7E-40EB-AD66-C6F2BBDE6AE0}.Release|ARM.Build.0 = Release|Any CPU
		{D45D2E7F-AB7E-40EB-AD66-C6F2BBDE6AE0}.Release|ARM.Deploy.0 = Release|Any CPU
		{D45D2E7F-AB7E-40EB-AD66-C6F2BBDE6AE0}.Release|iPhone.ActiveCfg = Release|Any CPU
		{D45D2E7F-AB7E-40EB-AD66-C6F2BBDE6AE0}.Release|iPhone.Build.0 = Release|Any CPU
		{D45D2E7F-AB7E-40EB-AD66-C6F2BBDE6AE0}.Release|iPhone.Deploy.0 = Release|Any CPU
		{D45D2E7F-AB7E-40EB-AD66-C6F2BBDE6AE0}.Release|iPhoneSimulator.ActiveCfg = Release|Any CPU
		{D45D2E7F-AB7E-40EB-AD66-C6F2BBDE6AE0}.Release|iPhoneSimulator.Build.0 = Release|Any CPU
		{D45D2E7F-AB7E-40EB-AD66-C6F2BBDE6AE0}.Release|iPhoneSimulator.Deploy.0 = Release|Any CPU
		{D45D2E7F-AB7E-40EB-AD66-C6F2BBDE6AE0}.Release|x64.ActiveCfg = Release|Any CPU
		{D45D2E7F-AB7E-40EB-AD66-C6F2BBDE6AE0}.Release|x64.Build.0 = Release|Any CPU
		{D45D2E7F-AB7E-40EB-AD66-C6F2BBDE6AE0}.Release|x64.Deploy.0 = Release|Any CPU
		{D45D2E7F-AB7E-40EB-AD66-C6F2BBDE6AE0}.Release|x86.ActiveCfg = Release|Any CPU
		{D45D2E7F-AB7E-40EB-AD66-C6F2BBDE6AE0}.Release|x86.Build.0 = Release|Any CPU
		{D45D2E7F-AB7E-40EB-AD66-C6F2BBDE6AE0}.Release|x86.Deploy.0 = Release|Any CPU
	EndGlobalSection
	GlobalSection(SolutionProperties) = preSolution
		HideSolutionNode = FALSE
	EndGlobalSection
	GlobalSection(ExtensibilityGlobals) = postSolution
		SolutionGuid = {04607743-9C3B-4F31-8320-2CE8618CD001}
	EndGlobalSection
EndGlobal
